
Microsoft Visual Studio Solution File, Format Version 12.00
# Visual Studio Version 18
VisualStudioVersion = 18.3.11520.95 d18.3
MinimumVisualStudioVersion = 10.0.40219.1
Project("{FAE04EC0-301F-11D3-BF4B-00C04F79EFBC}") = "Kakeibo.WinForms.Net8", "Kakeibo.WinForms.Net8\Kakeibo.WinForms.Net8.csproj", "{AE27DFAA-E274-45CE-AFF5-9F31E2395414}"
EndProject
Global
	GlobalSection(SolutionConfigurationPlatforms) = preSolution
		Debug|Any CPU = Debug|Any CPU
		Release|Any CPU = Release|Any CPU
	EndGlobalSection
	GlobalSection(ProjectConfigurationPlatforms) = postSolution
		{AE27DFAA-E274-45CE-AFF5-9F31E2395414}.Debug|Any CPU.ActiveCfg = Debug|Any CPU
		{AE27DFAA-E274-45CE-AFF5-9F31E2395414}.Debug|Any CPU.Build.0 = Debug|Any CPU
		{AE27DFAA-E274-45CE-AFF5-9F31E2395414}.Release|Any CPU.ActiveCfg = Release|Any CPU
		{AE27DFAA-E274-45CE-AFF5-9F31E2395414}.Release|Any CPU.Build.0 = Release|Any CPU
	EndGlobalSection
	GlobalSection(SolutionProperties) = preSolution
		HideSolutionNode = FALSE
	EndGlobalSection
	GlobalSection(ExtensibilityGlobals) = postSolution
		SolutionGuid = {1076D2A4-1427-4846-8502-72A7E56FDB10}
	EndGlobalSection
EndGlobal
